
Microsoft Visual Studio Solution File, Format Version 12.00
# Visual Studio Version 17
VisualStudioVersion = 17.9.34622.214
MinimumVisualStudioVersion = 10.0.40219.1
Project("{FAE04EC0-301F-11D3-BF4B-00C04F79EFBC}") = "db_lez06_ef", "db_lez06_ef\db_lez06_ef.csproj", "{722768B4-9746-421D-B1B7-0AA0FB0DC45E}"
EndProject
Global
	GlobalSection(SolutionConfigurationPlatforms) = preSolution
		Debug|Any CPU = Debug|Any CPU
		Release|Any CPU = Release|Any CPU
	EndGlobalSection
	GlobalSection(ProjectConfigurationPlatforms) = postSolution
		{722768B4-9746-421D-B1B7-0AA0FB0DC45E}.Debug|Any CPU.ActiveCfg = Debug|Any CPU
		{722768B4-9746-421D-B1B7-0AA0FB0DC45E}.Debug|Any CPU.Build.0 = Debug|Any CPU
		{722768B4-9746-421D-B1B7-0AA0FB0DC45E}.Release|Any CPU.ActiveCfg = Release|Any CPU
		{722768B4-9746-421D-B1B7-0AA0FB0DC45E}.Release|Any CPU.Build.0 = Release|Any CPU
	EndGlobalSection
	GlobalSection(SolutionProperties) = preSolution
		HideSolutionNode = FALSE
	EndGlobalSection
	GlobalSection(ExtensibilityGlobals) = postSolution
		SolutionGuid = {823EE2C1-B86F-4068-ACA7-BF1DFF791847}
	EndGlobalSection
EndGlobal
