
Microsoft Visual Studio Solution File, Format Version 12.00
# Visual Studio Version 17
VisualStudioVersion = 17.9.34622.214
MinimumVisualStudioVersion = 10.0.40219.1
Project("{FAE04EC0-301F-11D3-BF4B-00C04F79EFBC}") = "Lez04_04_Utilizzo", "Lez04_04_Utilizzo\Lez04_04_Utilizzo.csproj", "{E8732ADE-F66E-4BEA-991C-5A88E1F92E53}"
EndProject
Global
	GlobalSection(SolutionConfigurationPlatforms) = preSolution
		Debug|Any CPU = Debug|Any CPU
		Release|Any CPU = Release|Any CPU
	EndGlobalSection
	GlobalSection(ProjectConfigurationPlatforms) = postSolution
		{E8732ADE-F66E-4BEA-991C-5A88E1F92E53}.Debug|Any CPU.ActiveCfg = Debug|Any CPU
		{E8732ADE-F66E-4BEA-991C-5A88E1F92E53}.Debug|Any CPU.Build.0 = Debug|Any CPU
		{E8732ADE-F66E-4BEA-991C-5A88E1F92E53}.Release|Any CPU.ActiveCfg = Release|Any CPU
		{E8732ADE-F66E-4BEA-991C-5A88E1F92E53}.Release|Any CPU.Build.0 = Release|Any CPU
	EndGlobalSection
	GlobalSection(SolutionProperties) = preSolution
		HideSolutionNode = FALSE
	EndGlobalSection
	GlobalSection(ExtensibilityGlobals) = postSolution
		SolutionGuid = {F1978764-67B5-4746-992E-86E8F27B2789}
	EndGlobalSection
EndGlobal
