
Microsoft Visual Studio Solution File, Format Version 12.00
# Visual Studio Version 17
VisualStudioVersion = 17.9.34622.214
MinimumVisualStudioVersion = 10.0.40219.1
Project("{FAE04EC0-301F-11D3-BF4B-00C04F79EFBC}") = "Lez04_06_PartialClasses", "Lez04_06_PartialClasses\Lez04_06_PartialClasses.csproj", "{DF0C5B42-59E5-4134-AE2C-6A3810BAD0CF}"
EndProject
Global
	GlobalSection(SolutionConfigurationPlatforms) = preSolution
		Debug|Any CPU = Debug|Any CPU
		Release|Any CPU = Release|Any CPU
	EndGlobalSection
	GlobalSection(ProjectConfigurationPlatforms) = postSolution
		{DF0C5B42-59E5-4134-AE2C-6A3810BAD0CF}.Debug|Any CPU.ActiveCfg = Debug|Any CPU
		{DF0C5B42-59E5-4134-AE2C-6A3810BAD0CF}.Debug|Any CPU.Build.0 = Debug|Any CPU
		{DF0C5B42-59E5-4134-AE2C-6A3810BAD0CF}.Release|Any CPU.ActiveCfg = Release|Any CPU
		{DF0C5B42-59E5-4134-AE2C-6A3810BAD0CF}.Release|Any CPU.Build.0 = Release|Any CPU
	EndGlobalSection
	GlobalSection(SolutionProperties) = preSolution
		HideSolutionNode = FALSE
	EndGlobalSection
	GlobalSection(ExtensibilityGlobals) = postSolution
		SolutionGuid = {6471F8D3-53DB-4795-A5E4-312CA455349C}
	EndGlobalSection
EndGlobal
