
Microsoft Visual Studio Solution File, Format Version 12.00
# Visual Studio Version 17
VisualStudioVersion = 17.9.34622.214
MinimumVisualStudioVersion = 10.0.40219.1
Project("{FAE04EC0-301F-11D3-BF4B-00C04F79EFBC}") = "TaskLinq", "TaskLinq\TaskLinq.csproj", "{893FE1B3-2647-46E3-B78E-69D4F65E32AE}"
EndProject
Global
	GlobalSection(SolutionConfigurationPlatforms) = preSolution
		Debug|Any CPU = Debug|Any CPU
		Release|Any CPU = Release|Any CPU
	EndGlobalSection
	GlobalSection(ProjectConfigurationPlatforms) = postSolution
		{893FE1B3-2647-46E3-B78E-69D4F65E32AE}.Debug|Any CPU.ActiveCfg = Debug|Any CPU
		{893FE1B3-2647-46E3-B78E-69D4F65E32AE}.Debug|Any CPU.Build.0 = Debug|Any CPU
		{893FE1B3-2647-46E3-B78E-69D4F65E32AE}.Release|Any CPU.ActiveCfg = Release|Any CPU
		{893FE1B3-2647-46E3-B78E-69D4F65E32AE}.Release|Any CPU.Build.0 = Release|Any CPU
	EndGlobalSection
	GlobalSection(SolutionProperties) = preSolution
		HideSolutionNode = FALSE
	EndGlobalSection
	GlobalSection(ExtensibilityGlobals) = postSolution
		SolutionGuid = {B2A35602-4311-471E-9B77-F9EE0D541E5F}
	EndGlobalSection
EndGlobal
